
Microsoft Visual Studio Solution File, Format Version 12.00
# Visual Studio 15
VisualStudioVersion = 15.0.28010.2036
MinimumVisualStudioVersion = 10.0.40219.1
Project("{FAE04EC0-301F-11D3-BF4B-00C04F79EFBC}") = "Demo.CosmosDb.WebApi", "Demo.CosmosDb.WebApi\Demo.CosmosDb.WebApi.csproj", "{9C5DBF87-1D99-4D4C-895D-134C21ACDADC}"
EndProject
Global
	GlobalSection(SolutionConfigurationPlatforms) = preSolution
		Debug|Any CPU = Debug|Any CPU
		Release|Any CPU = Release|Any CPU
	EndGlobalSection
	GlobalSection(ProjectConfigurationPlatforms) = postSolution
		{9C5DBF87-1D99-4D4C-895D-134C21ACDADC}.Debug|Any CPU.ActiveCfg = Debug|Any CPU
		{9C5DBF87-1D99-4D4C-895D-134C21ACDADC}.Debug|Any CPU.Build.0 = Debug|Any CPU
		{9C5DBF87-1D99-4D4C-895D-134C21ACDADC}.Release|Any CPU.ActiveCfg = Release|Any CPU
		{9C5DBF87-1D99-4D4C-895D-134C21ACDADC}.Release|Any CPU.Build.0 = Release|Any CPU
	EndGlobalSection
	GlobalSection(SolutionProperties) = preSolution
		HideSolutionNode = FALSE
	EndGlobalSection
	GlobalSection(ExtensibilityGlobals) = postSolution
		SolutionGuid = {F6774402-8AF2-4623-BD9C-D9E6119E53FF}
	EndGlobalSection
EndGlobal
